
Microsoft Visual Studio Solution File, Format Version 12.00
# Visual Studio 2013
VisualStudioVersion = 12.0.21005.1
MinimumVisualStudioVersion = 10.0.40219.1
Project("{2150E333-8FDC-42A3-9474-1A3956D46DE8}") = "Application", "Application", "{2AC0DFDC-981C-4F24-A4A3-619A5EB4B125}"
EndProject
Project("{2150E333-8FDC-42A3-9474-1A3956D46DE8}") = "Domain", "Domain", "{805F0C23-21CF-4298-BC14-57CC433FC09F}"
EndProject
Project("{2150E333-8FDC-42A3-9474-1A3956D46DE8}") = "Infrastructure", "Infrastructure", "{9FB6A865-EE30-4D4A-8B81-57D5AEFE3AF8}"
EndProject
Project("{2150E333-8FDC-42A3-9474-1A3956D46DE8}") = "Presentation", "Presentation", "{FFDB3823-6EB5-47E1-8872-A1171D6967B8}"
EndProject
Project("{FAE04EC0-301F-11D3-BF4B-00C04F79EFBC}") = "DDD.Domain", "DDD.Domain\DDD.Domain.csproj", "{42B80BBB-AB3D-4CA4-B210-516E470FCB08}"
EndProject
Project("{FAE04EC0-301F-11D3-BF4B-00C04F79EFBC}") = "DDD.Infrastructure", "DDD.Infrastructure\DDD.Infrastructure.csproj", "{1A2C8B18-D278-41BB-9433-8CBC0DF21982}"
EndProject
Project("{FAE04EC0-301F-11D3-BF4B-00C04F79EFBC}") = "DDD.Domain.Repositories", "DDD.Domain.Repositories\DDD.Domain.Repositories.csproj", "{A2C3C47A-E695-4A49-A071-9C251D6AC52B}"
EndProject
Project("{FAE04EC0-301F-11D3-BF4B-00C04F79EFBC}") = "DDD.Web", "DDD.Web\DDD.Web.csproj", "{DD5AC7AE-E70E-4F07-96B1-6EF69E442305}"
EndProject
Project("{FAE04EC0-301F-11D3-BF4B-00C04F79EFBC}") = "DDD.Application", "DDD.Application\DDD.Application.csproj", "{3FB6E838-E9F5-4BAE-A7FA-9575F9C896B3}"
EndProject
Project("{FAE04EC0-301F-11D3-BF4B-00C04F79EFBC}") = "DDD.Infrastructure.Caching", "DDD.Infrastructure.Caching\DDD.Infrastructure.Caching.csproj", "{FD9B3E8E-C5D3-4584-837C-FD8A885EBE55}"
EndProject
Project("{FAE04EC0-301F-11D3-BF4B-00C04F79EFBC}") = "DDD.Infrastructure.Log4net", "DDD.Infrastructure.Log4net\DDD.Infrastructure.Log4net.csproj", "{5F9B3752-8C91-4DA8-9413-E85E8ED8721A}"
EndProject
Project("{2150E333-8FDC-42A3-9474-1A3956D46DE8}") = "UnitTest", "UnitTest", "{63CB073D-6EAD-413B-8682-02906FBB26C8}"
EndProject
Project("{FAE04EC0-301F-11D3-BF4B-00C04F79EFBC}") = "DDD.Tests", "DDD.Tests\DDD.Tests.csproj", "{202B36E2-E4DC-4C27-AC5A-DADD7AC2468B}"
EndProject
Project("{2150E333-8FDC-42A3-9474-1A3956D46DE8}") = "SharedLib", "SharedLib", "{9B35883B-3821-4BF2-BFF9-9449C8D55E99}"
	ProjectSection(SolutionItems) = preProject
		..\..\..\..\工作\公司项目\手机端采集\PhoneCollect\SharedLib\nunit.framework.dll = ..\..\..\..\工作\公司项目\手机端采集\PhoneCollect\SharedLib\nunit.framework.dll
	EndProjectSection
EndProject
Global
	GlobalSection(SolutionConfigurationPlatforms) = preSolution
		Debug|Any CPU = Debug|Any CPU
		Release|Any CPU = Release|Any CPU
	EndGlobalSection
	GlobalSection(ProjectConfigurationPlatforms) = postSolution
		{42B80BBB-AB3D-4CA4-B210-516E470FCB08}.Debug|Any CPU.ActiveCfg = Debug|Any CPU
		{42B80BBB-AB3D-4CA4-B210-516E470FCB08}.Debug|Any CPU.Build.0 = Debug|Any CPU
		{42B80BBB-AB3D-4CA4-B210-516E470FCB08}.Release|Any CPU.ActiveCfg = Release|Any CPU
		{42B80BBB-AB3D-4CA4-B210-516E470FCB08}.Release|Any CPU.Build.0 = Release|Any CPU
		{1A2C8B18-D278-41BB-9433-8CBC0DF21982}.Debug|Any CPU.ActiveCfg = Debug|Any CPU
		{1A2C8B18-D278-41BB-9433-8CBC0DF21982}.Debug|Any CPU.Build.0 = Debug|Any CPU
		{1A2C8B18-D278-41BB-9433-8CBC0DF21982}.Release|Any CPU.ActiveCfg = Release|Any CPU
		{1A2C8B18-D278-41BB-9433-8CBC0DF21982}.Release|Any CPU.Build.0 = Release|Any CPU
		{A2C3C47A-E695-4A49-A071-9C251D6AC52B}.Debug|Any CPU.ActiveCfg = Debug|Any CPU
		{A2C3C47A-E695-4A49-A071-9C251D6AC52B}.Debug|Any CPU.Build.0 = Debug|Any CPU
		{A2C3C47A-E695-4A49-A071-9C251D6AC52B}.Release|Any CPU.ActiveCfg = Release|Any CPU
		{A2C3C47A-E695-4A49-A071-9C251D6AC52B}.Release|Any CPU.Build.0 = Release|Any CPU
		{DD5AC7AE-E70E-4F07-96B1-6EF69E442305}.Debug|Any CPU.ActiveCfg = Debug|Any CPU
		{DD5AC7AE-E70E-4F07-96B1-6EF69E442305}.Debug|Any CPU.Build.0 = Debug|Any CPU
		{DD5AC7AE-E70E-4F07-96B1-6EF69E442305}.Release|Any CPU.ActiveCfg = Release|Any CPU
		{DD5AC7AE-E70E-4F07-96B1-6EF69E442305}.Release|Any CPU.Build.0 = Release|Any CPU
		{3FB6E838-E9F5-4BAE-A7FA-9575F9C896B3}.Debug|Any CPU.ActiveCfg = Debug|Any CPU
		{3FB6E838-E9F5-4BAE-A7FA-9575F9C896B3}.Debug|Any CPU.Build.0 = Debug|Any CPU
		{3FB6E838-E9F5-4BAE-A7FA-9575F9C896B3}.Release|Any CPU.ActiveCfg = Release|Any CPU
		{3FB6E838-E9F5-4BAE-A7FA-9575F9C896B3}.Release|Any CPU.Build.0 = Release|Any CPU
		{FD9B3E8E-C5D3-4584-837C-FD8A885EBE55}.Debug|Any CPU.ActiveCfg = Debug|Any CPU
		{FD9B3E8E-C5D3-4584-837C-FD8A885EBE55}.Debug|Any CPU.Build.0 = Debug|Any CPU
		{FD9B3E8E-C5D3-4584-837C-FD8A885EBE55}.Release|Any CPU.ActiveCfg = Release|Any CPU
		{FD9B3E8E-C5D3-4584-837C-FD8A885EBE55}.Release|Any CPU.Build.0 = Release|Any CPU
		{5F9B3752-8C91-4DA8-9413-E85E8ED8721A}.Debug|Any CPU.ActiveCfg = Debug|Any CPU
		{5F9B3752-8C91-4DA8-9413-E85E8ED8721A}.Debug|Any CPU.Build.0 = Debug|Any CPU
		{5F9B3752-8C91-4DA8-9413-E85E8ED8721A}.Release|Any CPU.ActiveCfg = Release|Any CPU
		{5F9B3752-8C91-4DA8-9413-E85E8ED8721A}.Release|Any CPU.Build.0 = Release|Any CPU
		{202B36E2-E4DC-4C27-AC5A-DADD7AC2468B}.Debug|Any CPU.ActiveCfg = Debug|Any CPU
		{202B36E2-E4DC-4C27-AC5A-DADD7AC2468B}.Debug|Any CPU.Build.0 = Debug|Any CPU
		{202B36E2-E4DC-4C27-AC5A-DADD7AC2468B}.Release|Any CPU.ActiveCfg = Release|Any CPU
		{202B36E2-E4DC-4C27-AC5A-DADD7AC2468B}.Release|Any CPU.Build.0 = Release|Any CPU
	EndGlobalSection
	GlobalSection(SolutionProperties) = preSolution
		HideSolutionNode = FALSE
	EndGlobalSection
	GlobalSection(NestedProjects) = preSolution
		{3FB6E838-E9F5-4BAE-A7FA-9575F9C896B3} = {2AC0DFDC-981C-4F24-A4A3-619A5EB4B125}
		{42B80BBB-AB3D-4CA4-B210-516E470FCB08} = {805F0C23-21CF-4298-BC14-57CC433FC09F}
		{A2C3C47A-E695-4A49-A071-9C251D6AC52B} = {805F0C23-21CF-4298-BC14-57CC433FC09F}
		{1A2C8B18-D278-41BB-9433-8CBC0DF21982} = {9FB6A865-EE30-4D4A-8B81-57D5AEFE3AF8}
		{FD9B3E8E-C5D3-4584-837C-FD8A885EBE55} = {9FB6A865-EE30-4D4A-8B81-57D5AEFE3AF8}
		{5F9B3752-8C91-4DA8-9413-E85E8ED8721A} = {9FB6A865-EE30-4D4A-8B81-57D5AEFE3AF8}
		{DD5AC7AE-E70E-4F07-96B1-6EF69E442305} = {FFDB3823-6EB5-47E1-8872-A1171D6967B8}
		{202B36E2-E4DC-4C27-AC5A-DADD7AC2468B} = {63CB073D-6EAD-413B-8682-02906FBB26C8}
	EndGlobalSection
	GlobalSection(ExtensibilityGlobals) = postSolution
		EnterpriseLibraryConfigurationToolBinariesPath = packages\Unity.2.1.505.2\lib\NET35;packages\Unity.Interception.2.1.505.2\lib\NET35;packages\EnterpriseLibrary.Common.5.0.505.0\lib\NET35;packages\EnterpriseLibrary.Caching.5.0.505.0\lib\NET35
	EndGlobalSection
EndGlobal
